// !$*UTF8*$!
{
	archiveVersion = 1;
	classes = {
	};
	objectVersion = 46;
	objects = {

/* Begin PBXBuildFile section */
		E907BFF8156154FB0091CA57 /* icon2.png in Resources */ = {isa = PBXBuildFile; fileRef = E907BFF7156154FB0091CA57 /* icon2.png */; };
		E907BFFB156155170091CA57 /* icon2.png in Resources */ = {isa = PBXBuildFile; fileRef = E907BFFA156155170091CA57 /* icon2.png */; };
		E907BFFD156155A10091CA57 /* menu_v1.png in Resources */ = {isa = PBXBuildFile; fileRef = E907BFFC156155A10091CA57 /* menu_v1.png */; };
		E907BFFF156155C00091CA57 /* Default@2x.png in Resources */ = {isa = PBXBuildFile; fileRef = E907BFFE156155C00091CA57 /* Default@2x.png */; };
		E907C001156156020091CA57 /* GameKit.framework in Frameworks */ = {isa = PBXBuildFile; fileRef = E907C000156156020091CA57 /* GameKit.framework */; };
		E90E5BD41561A76A003C87E2 /* AudioToolbox.framework in Frameworks */ = {isa = PBXBuildFile; fileRef = E90E5BD31561A76A003C87E2 /* AudioToolbox.framework */; };
		E93466A415614D5A001A9A2A /* UIKit.framework in Frameworks */ = {isa = PBXBuildFile; fileRef = E93466A315614D5A001A9A2A /* UIKit.framework */; };
		E93466A615614D5A001A9A2A /* Foundation.framework in Frameworks */ = {isa = PBXBuildFile; fileRef = E93466A515614D5A001A9A2A /* Foundation.framework */; };
		E93466A815614D5A001A9A2A /* CoreGraphics.framework in Frameworks */ = {isa = PBXBuildFile; fileRef = E93466A715614D5A001A9A2A /* CoreGraphics.framework */; };
		E93466AE15614D5A001A9A2A /* InfoPlist.strings in Resources */ = {isa = PBXBuildFile; fileRef = E93466AC15614D5A001A9A2A /* InfoPlist.strings */; };
		E93466B015614D5A001A9A2A /* main.m in Sources */ = {isa = PBXBuildFile; fileRef = E93466AF15614D5A001A9A2A /* main.m */; };
		E93466B415614D5A001A9A2A /* AppDelegate.m in Sources */ = {isa = PBXBuildFile; fileRef = E93466B315614D5A001A9A2A /* AppDelegate.m */; };
		E93466B715614D5A001A9A2A /* MainStoryboard.storyboard in Resources */ = {isa = PBXBuildFile; fileRef = E93466B515614D5A001A9A2A /* MainStoryboard.storyboard */; };
		E93466BA15614D5A001A9A2A /* ViewController.m in Sources */ = {isa = PBXBuildFile; fileRef = E93466B915614D5A001A9A2A /* ViewController.m */; };
		E9776DD41561B3710032682D /* CoreFoundation.framework in Frameworks */ = {isa = PBXBuildFile; fileRef = E9776DD31561B3710032682D /* CoreFoundation.framework */; };
		E9B91C551563557E006602D3 /* AVFoundation.framework in Frameworks */ = {isa = PBXBuildFile; fileRef = E9B91C541563557E006602D3 /* AVFoundation.framework */; };
/* End PBXBuildFile section */

/* Begin PBXFileReference section */
		E907BFF7156154FB0091CA57 /* icon2.png */ = {isa = PBXFileReference; lastKnownFileType = image.png; name = icon2.png; path = ../../../Dropbox/egg/icon2.png; sourceTree = "<group>"; };
		E907BFFA156155170091CA57 /* icon2.png */ = {isa = PBXFileReference; lastKnownFileType = image.png; path = icon2.png; sourceTree = "<group>"; };
		E907BFFC156155A10091CA57 /* menu_v1.png */ = {isa = PBXFileReference; lastKnownFileType = image.png; name = menu_v1.png; path = ../../../Dropbox/egg/menu/menu_v1.png; sourceTree = "<group>"; };
		E907BFFE156155C00091CA57 /* Default@2x.png */ = {isa = PBXFileReference; lastKnownFileType = image.png; path = "Default@2x.png"; sourceTree = "<group>"; };
		E907C000156156020091CA57 /* GameKit.framework */ = {isa = PBXFileReference; lastKnownFileType = wrapper.framework; name = GameKit.framework; path = System/Library/Frameworks/GameKit.framework; sourceTree = SDKROOT; };
		E90E5BD31561A76A003C87E2 /* AudioToolbox.framework */ = {isa = PBXFileReference; lastKnownFileType = wrapper.framework; name = AudioToolbox.framework; path = System/Library/Frameworks/AudioToolbox.framework; sourceTree = SDKROOT; };
		E934669F15614D5A001A9A2A /* CookerBDN.app */ = {isa = PBXFileReference; explicitFileType = wrapper.application; includeInIndex = 0; path = CookerBDN.app; sourceTree = BUILT_PRODUCTS_DIR; };
		E93466A315614D5A001A9A2A /* UIKit.framework */ = {isa = PBXFileReference; lastKnownFileType = wrapper.framework; name = UIKit.framework; path = System/Library/Frameworks/UIKit.framework; sourceTree = SDKROOT; };
		E93466A515614D5A001A9A2A /* Foundation.framework */ = {isa = PBXFileReference; lastKnownFileType = wrapper.framework; name = Foundation.framework; path = System/Library/Frameworks/Foundation.framework; sourceTree = SDKROOT; };
		E93466A715614D5A001A9A2A /* CoreGraphics.framework */ = {isa = PBXFileReference; lastKnownFileType = wrapper.framework; name = CoreGraphics.framework; path = System/Library/Frameworks/CoreGraphics.framework; sourceTree = SDKROOT; };
		E93466AB15614D5A001A9A2A /* CookerBDN-Info.plist */ = {isa = PBXFileReference; lastKnownFileType = text.plist.xml; path = "CookerBDN-Info.plist"; sourceTree = "<group>"; };
		E93466AD15614D5A001A9A2A /* en */ = {isa = PBXFileReference; lastKnownFileType = text.plist.strings; name = en; path = en.lproj/InfoPlist.strings; sourceTree = "<group>"; };
		E93466AF15614D5A001A9A2A /* main.m */ = {isa = PBXFileReference; lastKnownFileType = sourcecode.c.objc; path = main.m; sourceTree = "<group>"; };
		E93466B115614D5A001A9A2A /* CookerBDN-Prefix.pch */ = {isa = PBXFileReference; lastKnownFileType = sourcecode.c.h; path = "CookerBDN-Prefix.pch"; sourceTree = "<group>"; };
		E93466B215614D5A001A9A2A /* AppDelegate.h */ = {isa = PBXFileReference; lastKnownFileType = sourcecode.c.h; path = AppDelegate.h; sourceTree = "<group>"; };
		E93466B315614D5A001A9A2A /* AppDelegate.m */ = {isa = PBXFileReference; lastKnownFileType = sourcecode.c.objc; path = AppDelegate.m; sourceTree = "<group>"; };
		E93466B615614D5A001A9A2A /* en */ = {isa = PBXFileReference; lastKnownFileType = file.storyboard; name = en; path = en.lproj/MainStoryboard.storyboard; sourceTree = "<group>"; };
		E93466B815614D5A001A9A2A /* ViewController.h */ = {isa = PBXFileReference; lastKnownFileType = sourcecode.c.h; path = ViewController.h; sourceTree = "<group>"; };
		E93466B915614D5A001A9A2A /* ViewController.m */ = {isa = PBXFileReference; lastKnownFileType = sourcecode.c.objc; path = ViewController.m; sourceTree = "<group>"; };
		E9776DD31561B3710032682D /* CoreFoundation.framework */ = {isa = PBXFileReference; lastKnownFileType = wrapper.framework; name = CoreFoundation.framework; path = System/Library/Frameworks/CoreFoundation.framework; sourceTree = SDKROOT; };
		E9B91C541563557E006602D3 /* AVFoundation.framework */ = {isa = PBXFileReference; lastKnownFileType = wrapper.framework; name = AVFoundation.framework; path = System/Library/Frameworks/AVFoundation.framework; sourceTree = SDKROOT; };
/* End PBXFileReference section */

/* Begin PBXFrameworksBuildPhase section */
		E934669C15614D5A001A9A2A /* Frameworks */ = {
			isa = PBXFrameworksBuildPhase;
			buildActionMask = 2147483647;
			files = (
				E9B91C551563557E006602D3 /* AVFoundation.framework in Frameworks */,
				E9776DD41561B3710032682D /* CoreFoundation.framework in Frameworks */,
				E90E5BD41561A76A003C87E2 /* AudioToolbox.framework in Frameworks */,
				E907C001156156020091CA57 /* GameKit.framework in Frameworks */,
				E93466A415614D5A001A9A2A /* UIKit.framework in Frameworks */,
				E93466A615614D5A001A9A2A /* Foundation.framework in Frameworks */,
				E93466A815614D5A001A9A2A /* CoreGraphics.framework in Frameworks */,
			);
			runOnlyForDeploymentPostprocessing = 0;
		};
/* End PBXFrameworksBuildPhase section */

/* Begin PBXGroup section */
		E934669415614D59001A9A2A = {
			isa = PBXGroup;
			children = (
				E907BFFE156155C00091CA57 /* Default@2x.png */,
				E907BFFA156155170091CA57 /* icon2.png */,
				E93466A915614D5A001A9A2A /* CookerBDN */,
				E93466A215614D5A001A9A2A /* Frameworks */,
				E93466A015614D5A001A9A2A /* Products */,
				E907BFF7156154FB0091CA57 /* icon2.png */,
				E907BFFC156155A10091CA57 /* menu_v1.png */,
			);
			sourceTree = "<group>";
		};
		E93466A015614D5A001A9A2A /* Products */ = {
			isa = PBXGroup;
			children = (
				E934669F15614D5A001A9A2A /* CookerBDN.app */,
			);
			name = Products;
			sourceTree = "<group>";
		};
		E93466A215614D5A001A9A2A /* Frameworks */ = {
			isa = PBXGroup;
			children = (
				E9B91C541563557E006602D3 /* AVFoundation.framework */,
				E9776DD31561B3710032682D /* CoreFoundation.framework */,
				E90E5BD31561A76A003C87E2 /* AudioToolbox.framework */,
				E907C000156156020091CA57 /* GameKit.framework */,
				E93466A315614D5A001A9A2A /* UIKit.framework */,
				E93466A515614D5A001A9A2A /* Foundation.framework */,
				E93466A715614D5A001A9A2A /* CoreGraphics.framework */,
			);
			name = Frameworks;
			sourceTree = "<group>";
		};
		E93466A915614D5A001A9A2A /* CookerBDN */ = {
			isa = PBXGroup;
			children = (
				E93466B215614D5A001A9A2A /* AppDelegate.h */,
				E93466B315614D5A001A9A2A /* AppDelegate.m */,
				E93466B515614D5A001A9A2A /* MainStoryboard.storyboard */,
				E93466B815614D5A001A9A2A /* ViewController.h */,
				E93466B915614D5A001A9A2A /* ViewController.m */,
				E93466AA15614D5A001A9A2A /* Supporting Files */,
			);
			path = CookerBDN;
			sourceTree = "<group>";
		};
		E93466AA15614D5A001A9A2A /* Supporting Files */ = {
			isa = PBXGroup;
			children = (
				E93466AB15614D5A001A9A2A /* CookerBDN-Info.plist */,
				E93466AC15614D5A001A9A2A /* InfoPlist.strings */,
				E93466AF15614D5A001A9A2A /* main.m */,
				E93466B115614D5A001A9A2A /* CookerBDN-Prefix.pch */,
			);
			name = "Supporting Files";
			sourceTree = "<group>";
		};
/* End PBXGroup section */

/* Begin PBXNativeTarget section */
		E934669E15614D5A001A9A2A /* CookerBDN */ = {
			isa = PBXNativeTarget;
			buildConfigurationList = E93466BD15614D5A001A9A2A /* Build configuration list for PBXNativeTarget "CookerBDN" */;
			buildPhases = (
				E934669B15614D5A001A9A2A /* Sources */,
				E934669C15614D5A001A9A2A /* Frameworks */,
				E934669D15614D5A001A9A2A /* Resources */,
			);
			buildRules = (
			);
			dependencies = (
			);
			name = CookerBDN;
			productName = CookerBDN;
			productReference = E934669F15614D5A001A9A2A /* CookerBDN.app */;
			productType = "com.apple.product-type.application";
		};
/* End PBXNativeTarget section */

/* Begin PBXProject section */
		E934669615614D59001A9A2A /* Project object */ = {
			isa = PBXProject;
			attributes = {
				LastUpgradeCheck = 0430;
			};
			buildConfigurationList = E934669915614D59001A9A2A /* Build configuration list for PBXProject "CookerBDN" */;
			compatibilityVersion = "Xcode 3.2";
			developmentRegion = English;
			hasScannedForEncodings = 0;
			knownRegions = (
				en,
			);
			mainGroup = E934669415614D59001A9A2A;
			productRefGroup = E93466A015614D5A001A9A2A /* Products */;
			projectDirPath = "";
			projectRoot = "";
			targets = (
				E934669E15614D5A001A9A2A /* CookerBDN */,
			);
		};
/* End PBXProject section */

/* Begin PBXResourcesBuildPhase section */
		E934669D15614D5A001A9A2A /* Resources */ = {
			isa = PBXResourcesBuildPhase;
			buildActionMask = 2147483647;
			files = (
				E93466AE15614D5A001A9A2A /* InfoPlist.strings in Resources */,
				E93466B715614D5A001A9A2A /* MainStoryboard.storyboard in Resources */,
				E907BFF8156154FB0091CA57 /* icon2.png in Resources */,
				E907BFFB156155170091CA57 /* icon2.png in Resources */,
				E907BFFD156155A10091CA57 /* menu_v1.png in Resources */,
				E907BFFF156155C00091CA57 /* Default@2x.png in Resources */,
			);
			runOnlyForDeploymentPostprocessing = 0;
		};
/* End PBXResourcesBuildPhase section */

/* Begin PBXSourcesBuildPhase section */
		E934669B15614D5A001A9A2A /* Sources */ = {
			isa = PBXSourcesBuildPhase;
			buildActionMask = 2147483647;
			files = (
				E93466B015614D5A001A9A2A /* main.m in Sources */,
				E93466B415614D5A001A9A2A /* AppDelegate.m in Sources */,
				E93466BA15614D5A001A9A2A /* ViewController.m in Sources */,
			);
			runOnlyForDeploymentPostprocessing = 0;
		};
/* End PBXSourcesBuildPhase section */

/* Begin PBXVariantGroup section */
		E93466AC15614D5A001A9A2A /* InfoPlist.strings */ = {
			isa = PBXVariantGroup;
			children = (
				E93466AD15614D5A001A9A2A /* en */,
			);
			name = InfoPlist.strings;
			sourceTree = "<group>";
		};
		E93466B515614D5A001A9A2A /* MainStoryboard.storyboard */ = {
			isa = PBXVariantGroup;
			children = (
				E93466B615614D5A001A9A2A /* en */,
			);
			name = MainStoryboard.storyboard;
			sourceTree = "<group>";
		};
/* End PBXVariantGroup section */

/* Begin XCBuildConfiguration section */
		E93466BB15614D5A001A9A2A /* Debug */ = {
			isa = XCBuildConfiguration;
			buildSettings = {
				ALWAYS_SEARCH_USER_PATHS = NO;
				ARCHS = "$(ARCHS_STANDARD_32_BIT)";
				"CODE_SIGN_IDENTITY[sdk=iphoneos*]" = "iPhone Developer";
				COPY_PHASE_STRIP = NO;
				GCC_C_LANGUAGE_STANDARD = gnu99;
				GCC_DYNAMIC_NO_PIC = NO;
				GCC_OPTIMIZATION_LEVEL = 0;
				GCC_PREPROCESSOR_DEFINITIONS = "";
				GCC_PREPROCESSOR_DEFINITIONS_NOT_USED_IN_PRECOMPS = "";
				GCC_SYMBOLS_PRIVATE_EXTERN = NO;
				GCC_VERSION = com.apple.compilers.llvm.clang.1_0;
				GCC_WARN_ABOUT_RETURN_TYPE = YES;
				GCC_WARN_UNINITIALIZED_AUTOS = YES;
				GCC_WARN_UNUSED_VARIABLE = YES;
				IPHONEOS_DEPLOYMENT_TARGET = 5.1;
				SDKROOT = iphoneos;
			};
			name = Debug;
		};
		E93466BC15614D5A001A9A2A /* Release */ = {
			isa = XCBuildConfiguration;
			buildSettings = {
				ALWAYS_SEARCH_USER_PATHS = NO;
				ARCHS = "$(ARCHS_STANDARD_32_BIT)";
				"CODE_SIGN_IDENTITY[sdk=iphoneos*]" = "iPhone Developer";
				COPY_PHASE_STRIP = YES;
				GCC_C_LANGUAGE_STANDARD = gnu99;
				GCC_PREPROCESSOR_DEFINITIONS_NOT_USED_IN_PRECOMPS = "";
				GCC_VERSION = com.apple.compilers.llvm.clang.1_0;
				GCC_WARN_ABOUT_RETURN_TYPE = YES;
				GCC_WARN_UNINITIALIZED_AUTOS = YES;
				GCC_WARN_UNUSED_VARIABLE = YES;
				IPHONEOS_DEPLOYMENT_TARGET = 5.1;
				OTHER_CFLAGS = "-DNS_BLOCK_ASSERTIONS=1";
				SDKROOT = iphoneos;
				VALIDATE_PRODUCT = YES;
			};
			name = Release;
		};
		E93466BE15614D5A001A9A2A /* Debug */ = {
			isa = XCBuildConfiguration;
			buildSettings = {
				GCC_PRECOMPILE_PREFIX_HEADER = YES;
				GCC_PREFIX_HEADER = "CookerBDN/CookerBDN-Prefix.pch";
				INFOPLIST_FILE = "CookerBDN/CookerBDN-Info.plist";
				PRODUCT_NAME = "$(TARGET_NAME)";
				WRAPPER_EXTENSION = app;
			};
			name = Debug;
		};
		E93466BF15614D5A001A9A2A /* Release */ = {
			isa = XCBuildConfiguration;
			buildSettings = {
				GCC_PRECOMPILE_PREFIX_HEADER = YES;
				GCC_PREFIX_HEADER = "CookerBDN/CookerBDN-Prefix.pch";
				INFOPLIST_FILE = "CookerBDN/CookerBDN-Info.plist";
				PRODUCT_NAME = "$(TARGET_NAME)";
				WRAPPER_EXTENSION = app;
			};
			name = Release;
		};
/* End XCBuildConfiguration section */

/* Begin XCConfigurationList section */
		E934669915614D59001A9A2A /* Build configuration list for PBXProject "CookerBDN" */ = {
			isa = XCConfigurationList;
			buildConfigurations = (
				E93466BB15614D5A001A9A2A /* Debug */,
				E93466BC15614D5A001A9A2A /* Release */,
			);
			defaultConfigurationIsVisible = 0;
			defaultConfigurationName = Release;
		};
		E93466BD15614D5A001A9A2A /* Build configuration list for PBXNativeTarget "CookerBDN" */ = {
			isa = XCConfigurationList;
			buildConfigurations = (
				E93466BE15614D5A001A9A2A /* Debug */,
				E93466BF15614D5A001A9A2A /* Release */,
			);
			defaultConfigurationIsVisible = 0;
			defaultConfigurationName = Release;
		};
/* End XCConfigurationList section */
	};
	rootObject = E934669615614D59001A9A2A /* Project object */;
}
